PODS:
  - Flutter (1.0.0)
  - pinwheel (0.0.3):
    - Flutter
    - PinwheelSDK (= 2.3.13)
  - PinwheelSDK (2.3.13)

DEPENDENCIES:
  - Flutter (from `Flutter`)
  - pinwheel (from `.symlinks/plugins/pinwheel/ios`)

SPEC REPOS:
  trunk:
    - PinwheelSDK

EXTERNAL SOURCES:
  Flutter:
    :path: Flutter
  pinwheel:
    :path: ".symlinks/plugins/pinwheel/ios"

SPEC CHECKSUMS:
  Flutter: e0871f40cf51350855a761d2e70bf5af5b9b5de7
  pinwheel: 7952345cd253ed79cf1717f37755450cb910daef
  PinwheelSDK: 02ac3c1eb7188cc833e2e9403afd1e448557f60b

PODFILE CHECKSUM: c4c93c5f6502fe2754f48404d3594bf779584011

COCOAPODS: 1.13.0
