PODS:
  - Flutter (1.0.0)
  - pinwheel (0.0.1):
    - Flutter
    - PinwheelSDK (= 2.3.6)
  - PinwheelSDK (2.3.6)

DEPENDENCIES:
  - Flutter (from `Flutter`)
  - pinwheel (from `.symlinks/plugins/pinwheel/ios`)

SPEC REPOS:
  trunk:
    - PinwheelSDK

EXTERNAL SOURCES:
  Flutter:
    :path: Flutter
  pinwheel:
    :path: ".symlinks/plugins/pinwheel/ios"

SPEC CHECKSUMS:
  Flutter: 434fef37c0980e73bb6479ef766c45957d4b510c
  pinwheel: fe5d0d72f7fac482483340a38e8b7486f72159a0
  PinwheelSDK: 15d692a41b44f293b7ef9047a709ee2a19667daa

PODFILE CHECKSUM: aafe91acc616949ddb318b77800a7f51bffa2a4c

COCOAPODS: 1.10.1
