PODS:
  - Flutter (1.0.0)
  - pinwheel (0.0.3):
    - Flutter
    - PinwheelSDK (= 3.5.0)
  - PinwheelSDK (3.5.0):
    - PinwheelSDK/PinwheelLinkSDK (= 3.5.0)
  - PinwheelSDK/PinwheelLinkSDK (3.5.0)

DEPENDENCIES:
  - Flutter (from `Flutter`)
  - pinwheel (from `.symlinks/plugins/pinwheel/ios`)

SPEC REPOS:
  trunk:
    - PinwheelSDK

EXTERNAL SOURCES:
  Flutter:
    :path: Flutter
  pinwheel:
    :path: ".symlinks/plugins/pinwheel/ios"

SPEC CHECKSUMS:
  Flutter: cabc95a1d2626b1b06e7179b784ebcf0c0cde467
  pinwheel: c7b7109f1457ad72bd15380e4d7c0da4de25520e
  PinwheelSDK: ce9d956cf1473296bdeb60e419c90ab525785374

PODFILE CHECKSUM: f8c2dcdfb50bb67645580d28a6bf814fca30bdec

COCOAPODS: 1.16.2
